
Microsoft Visual Studio Solution File, Format Version 12.00
# Visual Studio Version 17
VisualStudioVersion = 17.6.33815.320
MinimumVisualStudioVersion = 10.0.40219.1
Project("{9A19103F-16F7-4668-BE54-9A1E7A4F7556}") = "FP.Patterns.Composite.Exercice0", "FP.Patterns.Composite.Exercice0.csproj", "{CB910368-C1CC-4DAF-82DC-F1873B9E251D}"
EndProject
Project("{9A19103F-16F7-4668-BE54-9A1E7A4F7556}") = "FP.Patterns.Composite.Exercice1", "..\FP.Patterns.Composite.Exercice1\FP.Patterns.Composite.Exercice1.csproj", "{25F8C321-580B-463D-A1DA-CC70607656CF}"
EndProject
Project("{9A19103F-16F7-4668-BE54-9A1E7A4F7556}") = "FP.Patterns.Composite.Exercice2", "..\FP.Patterns.Composite.Exercice2\FP.Patterns.Composite.Exercice2.csproj", "{E80DAA8A-D600-479C-816C-A7BCC79889CD}"
EndProject
Project("{9A19103F-16F7-4668-BE54-9A1E7A4F7556}") = "FP.Patterns.Composite.Exercice3", "..\FP.Patterns.Composite.Exercice3\FP.Patterns.Composite.Exercice3.csproj", "{4C189D20-0D08-4C31-9465-A53E3BAD0481}"
EndProject
Project("{FAE04EC0-301F-11D3-BF4B-00C04F79EFBC}") = "FP.Patterns.Composite.Exercice4", "..\FP.Patterns.Composite.Exercice4\FP.Patterns.Composite.Exercice4.csproj", "{83B594D2-51FA-49DE-862B-A83B9ED08C32}"
EndProject
Global
	GlobalSection(SolutionConfigurationPlatforms) = preSolution
		Debug|Any CPU = Debug|Any CPU
		Release|Any CPU = Release|Any CPU
	EndGlobalSection
	GlobalSection(ProjectConfigurationPlatforms) = postSolution
		{CB910368-C1CC-4DAF-82DC-F1873B9E251D}.Debug|Any CPU.ActiveCfg = Debug|Any CPU
		{CB910368-C1CC-4DAF-82DC-F1873B9E251D}.Debug|Any CPU.Build.0 = Debug|Any CPU
		{CB910368-C1CC-4DAF-82DC-F1873B9E251D}.Release|Any CPU.ActiveCfg = Release|Any CPU
		{CB910368-C1CC-4DAF-82DC-F1873B9E251D}.Release|Any CPU.Build.0 = Release|Any CPU
		{25F8C321-580B-463D-A1DA-CC70607656CF}.Debug|Any CPU.ActiveCfg = Debug|Any CPU
		{25F8C321-580B-463D-A1DA-CC70607656CF}.Debug|Any CPU.Build.0 = Debug|Any CPU
		{25F8C321-580B-463D-A1DA-CC70607656CF}.Release|Any CPU.ActiveCfg = Release|Any CPU
		{25F8C321-580B-463D-A1DA-CC70607656CF}.Release|Any CPU.Build.0 = Release|Any CPU
		{E80DAA8A-D600-479C-816C-A7BCC79889CD}.Debug|Any CPU.ActiveCfg = Debug|Any CPU
		{E80DAA8A-D600-479C-816C-A7BCC79889CD}.Debug|Any CPU.Build.0 = Debug|Any CPU
		{E80DAA8A-D600-479C-816C-A7BCC79889CD}.Release|Any CPU.ActiveCfg = Release|Any CPU
		{E80DAA8A-D600-479C-816C-A7BCC79889CD}.Release|Any CPU.Build.0 = Release|Any CPU
		{4C189D20-0D08-4C31-9465-A53E3BAD0481}.Debug|Any CPU.ActiveCfg = Debug|Any CPU
		{4C189D20-0D08-4C31-9465-A53E3BAD0481}.Debug|Any CPU.Build.0 = Debug|Any CPU
		{4C189D20-0D08-4C31-9465-A53E3BAD0481}.Release|Any CPU.ActiveCfg = Release|Any CPU
		{4C189D20-0D08-4C31-9465-A53E3BAD0481}.Release|Any CPU.Build.0 = Release|Any CPU
		{83B594D2-51FA-49DE-862B-A83B9ED08C32}.Debug|Any CPU.ActiveCfg = Debug|Any CPU
		{83B594D2-51FA-49DE-862B-A83B9ED08C32}.Debug|Any CPU.Build.0 = Debug|Any CPU
		{83B594D2-51FA-49DE-862B-A83B9ED08C32}.Release|Any CPU.ActiveCfg = Release|Any CPU
		{83B594D2-51FA-49DE-862B-A83B9ED08C32}.Release|Any CPU.Build.0 = Release|Any CPU
	EndGlobalSection
	GlobalSection(SolutionProperties) = preSolution
		HideSolutionNode = FALSE
	EndGlobalSection
	GlobalSection(ExtensibilityGlobals) = postSolution
		SolutionGuid = {3CFADE55-EA4B-4E72-8397-6CCDB9DC6D6C}
	EndGlobalSection
EndGlobal
